{
    "_meta": {
        "hash": {
            "sha256": "217603c27357ec8c9954045741a94763d6433702f049e4f49da3d54a0fb4c119"
        },
        "pipfile-spec": 1,
        "requires": {},
        "sources": [
            {
                "url": "https://pypi.python.org/simple",
                "verify_ssl": true
            }
        ]
    },
    "default": {
        "amqp": {
            "version": "==2.3.2"
        },
        "billiard": {
            "version": "==3.5.0.3"
        },
        "celery": {
            "version": "==4.2.0"
        },
        "certifi": {
            "version": "==2018.4.16"
        },
        "chardet": {
            "version": "==3.0.4"
        },
        "click": {
            "version": "==6.7"
        },
        "flask": {
            "version": "==1.0.2"
        },
        "idna": {
            "version": "==2.7"
        },
        "itsdangerous": {
            "version": "==0.24"
        },
        "jinja2": {
            "version": "==2.10"
        },
        "kombu": {
            "version": "==4.2.1"
        },
        "markupsafe": {
            "version": "==1.0"
        },
        "pytz": {
            "version": "==2018.5"
        },
        "redis": {
            "version": "==2.10.6"
        },
        "requests": {
            "version": "==2.19.1"
        },
        "urllib3": {
            "version": "==1.23"
        },
        "vine": {
            "version": "==1.1.4"
        },
        "werkzeug": {
            "version": "==0.14.1"
        }
    },
    "develop": {}
}
